
Microsoft Visual Studio Solution File, Format Version 12.00
# Visual Studio Version 16
VisualStudioVersion = 16.0.31402.337
MinimumVisualStudioVersion = 10.0.40219.1
Project("{FAE04EC0-301F-11D3-BF4B-00C04F79EFBC}") = "Waterverbruik", "Waterverbruik\Waterverbruik.csproj", "{1D264240-D373-4F19-82AC-B1BD23B85E47}"
EndProject
Global
	GlobalSection(SolutionConfigurationPlatforms) = preSolution
		Debug|Any CPU = Debug|Any CPU
		Release|Any CPU = Release|Any CPU
	EndGlobalSection
	GlobalSection(ProjectConfigurationPlatforms) = postSolution
		{1D264240-D373-4F19-82AC-B1BD23B85E47}.Debug|Any CPU.ActiveCfg = Debug|Any CPU
		{1D264240-D373-4F19-82AC-B1BD23B85E47}.Debug|Any CPU.Build.0 = Debug|Any CPU
		{1D264240-D373-4F19-82AC-B1BD23B85E47}.Release|Any CPU.ActiveCfg = Release|Any CPU
		{1D264240-D373-4F19-82AC-B1BD23B85E47}.Release|Any CPU.Build.0 = Release|Any CPU
	EndGlobalSection
	GlobalSection(SolutionProperties) = preSolution
		HideSolutionNode = FALSE
	EndGlobalSection
	GlobalSection(ExtensibilityGlobals) = postSolution
		SolutionGuid = {17B03375-811A-448A-896A-757595B40505}
	EndGlobalSection
EndGlobal
